// !$*UTF8*$!
{
	archiveVersion = 1;
	classes = {
	};
	objectVersion = 46;
	objects = {

/* Begin PBXBuildFile section */
		AFD001121C8F4688002D6FA8 /* main.m in Sources */ = {isa = PBXBuildFile; fileRef = AFD001111C8F4688002D6FA8 /* main.m */; };
		AFD001151C8F4688002D6FA8 /* AppDelegate.m in Sources */ = {isa = PBXBuildFile; fileRef = AFD001141C8F4688002D6FA8 /* AppDelegate.m */; };
		AFD001181C8F4688002D6FA8 /* ViewController.m in Sources */ = {isa = PBXBuildFile; fileRef = AFD001171C8F4688002D6FA8 /* ViewController.m */; };
		AFD0011B1C8F4688002D6FA8 /* Main.storyboard in Resources */ = {isa = PBXBuildFile; fileRef = AFD001191C8F4688002D6FA8 /* Main.storyboard */; };
		AFD0011D1C8F4688002D6FA8 /* Assets.xcassets in Resources */ = {isa = PBXBuildFile; fileRef = AFD0011C1C8F4688002D6FA8 /* Assets.xcassets */; };
		AFD001201C8F4688002D6FA8 /* LaunchScreen.storyboard in Resources */ = {isa = PBXBuildFile; fileRef = AFD0011E1C8F4688002D6FA8 /* LaunchScreen.storyboard */; };
		AFD0012C1C8F4721002D6FA8 /* MBUserDefaults.m in Sources */ = {isa = PBXBuildFile; fileRef = AFD0012B1C8F4721002D6FA8 /* MBUserDefaults.m */; };
/* End PBXBuildFile section */

/* Begin PBXFileReference section */
		AFD0010D1C8F4688002D6FA8 /* Preferences.app */ = {isa = PBXFileReference; explicitFileType = wrapper.application; includeInIndex = 0; path = Preferences.app; sourceTree = BUILT_PRODUCTS_DIR; };
		AFD001111C8F4688002D6FA8 /* main.m */ = {isa = PBXFileReference; lastKnownFileType = sourcecode.c.objc; path = main.m; sourceTree = "<group>"; };
		AFD001131C8F4688002D6FA8 /* AppDelegate.h */ = {isa = PBXFileReference; lastKnownFileType = sourcecode.c.h; path = AppDelegate.h; sourceTree = "<group>"; };
		AFD001141C8F4688002D6FA8 /* AppDelegate.m */ = {isa = PBXFileReference; lastKnownFileType = sourcecode.c.objc; path = AppDelegate.m; sourceTree = "<group>"; };
		AFD001161C8F4688002D6FA8 /* ViewController.h */ = {isa = PBXFileReference; lastKnownFileType = sourcecode.c.h; path = ViewController.h; sourceTree = "<group>"; };
		AFD001171C8F4688002D6FA8 /* ViewController.m */ = {isa = PBXFileReference; lastKnownFileType = sourcecode.c.objc; path = ViewController.m; sourceTree = "<group>"; };
		AFD0011A1C8F4688002D6FA8 /* Base */ = {isa = PBXFileReference; lastKnownFileType = file.storyboard; name = Base; path = Base.lproj/Main.storyboard; sourceTree = "<group>"; };
		AFD0011C1C8F4688002D6FA8 /* Assets.xcassets */ = {isa = PBXFileReference; lastKnownFileType = folder.assetcatalog; path = Assets.xcassets; sourceTree = "<group>"; };
		AFD0011F1C8F4688002D6FA8 /* Base */ = {isa = PBXFileReference; lastKnownFileType = file.storyboard; name = Base; path = Base.lproj/LaunchScreen.storyboard; sourceTree = "<group>"; };
		AFD001211C8F4688002D6FA8 /* Info.plist */ = {isa = PBXFileReference; lastKnownFileType = text.plist.xml; path = Info.plist; sourceTree = "<group>"; };
		AFD0012A1C8F4721002D6FA8 /* MBUserDefaults.h */ = {isa = PBXFileReference; fileEncoding = 4; lastKnownFileType = sourcecode.c.h; path = MBUserDefaults.h; sourceTree = "<group>"; };
		AFD0012B1C8F4721002D6FA8 /* MBUserDefaults.m */ = {isa = PBXFileReference; fileEncoding = 4; lastKnownFileType = sourcecode.c.objc; path = MBUserDefaults.m; sourceTree = "<group>"; };
/* End PBXFileReference section */

/* Begin PBXFrameworksBuildPhase section */
		AFD0010A1C8F4688002D6FA8 /* Frameworks */ = {
			isa = PBXFrameworksBuildPhase;
			buildActionMask = 2147483647;
			files = (
			);
			runOnlyForDeploymentPostprocessing = 0;
		};
/* End PBXFrameworksBuildPhase section */

/* Begin PBXGroup section */
		AFD001041C8F4688002D6FA8 = {
			isa = PBXGroup;
			children = (
				AFD0010F1C8F4688002D6FA8 /* Preferences */,
				AFD0010E1C8F4688002D6FA8 /* Products */,
			);
			sourceTree = "<group>";
		};
		AFD0010E1C8F4688002D6FA8 /* Products */ = {
			isa = PBXGroup;
			children = (
				AFD0010D1C8F4688002D6FA8 /* Preferences.app */,
			);
			name = Products;
			sourceTree = "<group>";
		};
		AFD0010F1C8F4688002D6FA8 /* Preferences */ = {
			isa = PBXGroup;
			children = (
				AFD001271C8F46BE002D6FA8 /* App Global */,
				AFD001281C8F46CA002D6FA8 /* Controller */,
				AFD001291C8F46DB002D6FA8 /* View */,
				AFD001101C8F4688002D6FA8 /* Supporting Files */,
			);
			path = Preferences;
			sourceTree = "<group>";
		};
		AFD001101C8F4688002D6FA8 /* Supporting Files */ = {
			isa = PBXGroup;
			children = (
				AFD0012B1C8F4721002D6FA8 /* MBUserDefaults.m */,
				AFD0012A1C8F4721002D6FA8 /* MBUserDefaults.h */,
				AFD001111C8F4688002D6FA8 /* main.m */,
			);
			name = "Supporting Files";
			sourceTree = "<group>";
		};
		AFD001271C8F46BE002D6FA8 /* App Global */ = {
			isa = PBXGroup;
			children = (
				AFD0011C1C8F4688002D6FA8 /* Assets.xcassets */,
				AFD001211C8F4688002D6FA8 /* Info.plist */,
				AFD001141C8F4688002D6FA8 /* AppDelegate.m */,
				AFD001131C8F4688002D6FA8 /* AppDelegate.h */,
			);
			name = "App Global";
			sourceTree = "<group>";
		};
		AFD001281C8F46CA002D6FA8 /* Controller */ = {
			isa = PBXGroup;
			children = (
				AFD001161C8F4688002D6FA8 /* ViewController.h */,
				AFD001171C8F4688002D6FA8 /* ViewController.m */,
			);
			name = Controller;
			sourceTree = "<group>";
		};
		AFD001291C8F46DB002D6FA8 /* View */ = {
			isa = PBXGroup;
			children = (
				AFD0011E1C8F4688002D6FA8 /* LaunchScreen.storyboard */,
				AFD001191C8F4688002D6FA8 /* Main.storyboard */,
			);
			name = View;
			sourceTree = "<group>";
		};
/* End PBXGroup section */

/* Begin PBXNativeTarget section */
		AFD0010C1C8F4688002D6FA8 /* Preferences */ = {
			isa = PBXNativeTarget;
			buildConfigurationList = AFD001241C8F4688002D6FA8 /* Build configuration list for PBXNativeTarget "Preferences" */;
			buildPhases = (
				AFD001091C8F4688002D6FA8 /* Sources */,
				AFD0010A1C8F4688002D6FA8 /* Frameworks */,
				AFD0010B1C8F4688002D6FA8 /* Resources */,
			);
			buildRules = (
			);
			dependencies = (
			);
			name = Preferences;
			productName = Preferences;
			productReference = AFD0010D1C8F4688002D6FA8 /* Preferences.app */;
			productType = "com.apple.product-type.application";
		};
/* End PBXNativeTarget section */

/* Begin PBXProject section */
		AFD001051C8F4688002D6FA8 /* Project object */ = {
			isa = PBXProject;
			attributes = {
				LastUpgradeCheck = 0720;
				ORGANIZATIONNAME = "Lacey Vu";
				TargetAttributes = {
					AFD0010C1C8F4688002D6FA8 = {
						CreatedOnToolsVersion = 7.2.1;
					};
				};
			};
			buildConfigurationList = AFD001081C8F4688002D6FA8 /* Build configuration list for PBXProject "Preferences" */;
			compatibilityVersion = "Xcode 3.2";
			developmentRegion = English;
			hasScannedForEncodings = 0;
			knownRegions = (
				en,
				Base,
			);
			mainGroup = AFD001041C8F4688002D6FA8;
			productRefGroup = AFD0010E1C8F4688002D6FA8 /* Products */;
			projectDirPath = "";
			projectRoot = "";
			targets = (
				AFD0010C1C8F4688002D6FA8 /* Preferences */,
			);
		};
/* End PBXProject section */

/* Begin PBXResourcesBuildPhase section */
		AFD0010B1C8F4688002D6FA8 /* Resources */ = {
			isa = PBXResourcesBuildPhase;
			buildActionMask = 2147483647;
			files = (
				AFD001201C8F4688002D6FA8 /* LaunchScreen.storyboard in Resources */,
				AFD0011D1C8F4688002D6FA8 /* Assets.xcassets in Resources */,
				AFD0011B1C8F4688002D6FA8 /* Main.storyboard in Resources */,
			);
			runOnlyForDeploymentPostprocessing = 0;
		};
/* End PBXResourcesBuildPhase section */

/* Begin PBXSourcesBuildPhase section */
		AFD001091C8F4688002D6FA8 /* Sources */ = {
			isa = PBXSourcesBuildPhase;
			buildActionMask = 2147483647;
			files = (
				AFD001181C8F4688002D6FA8 /* ViewController.m in Sources */,
				AFD0012C1C8F4721002D6FA8 /* MBUserDefaults.m in Sources */,
				AFD001151C8F4688002D6FA8 /* AppDelegate.m in Sources */,
				AFD001121C8F4688002D6FA8 /* main.m in Sources */,
			);
			runOnlyForDeploymentPostprocessing = 0;
		};
/* End PBXSourcesBuildPhase section */

/* Begin PBXVariantGroup section */
		AFD001191C8F4688002D6FA8 /* Main.storyboard */ = {
			isa = PBXVariantGroup;
			children = (
				AFD0011A1C8F4688002D6FA8 /* Base */,
			);
			name = Main.storyboard;
			sourceTree = "<group>";
		};
		AFD0011E1C8F4688002D6FA8 /* LaunchScreen.storyboard */ = {
			isa = PBXVariantGroup;
			children = (
				AFD0011F1C8F4688002D6FA8 /* Base */,
			);
			name = LaunchScreen.storyboard;
			sourceTree = "<group>";
		};
/* End PBXVariantGroup section */

/* Begin XCBuildConfiguration section */
		AFD001221C8F4688002D6FA8 /* Debug */ = {
			isa = XCBuildConfiguration;
			buildSettings = {
				ALWAYS_SEARCH_USER_PATHS = NO;
				CLANG_CXX_LANGUAGE_STANDARD = "gnu++0x";
				CLANG_CXX_LIBRARY = "libc++";
				CLANG_ENABLE_MODULES = YES;
				CLANG_ENABLE_OBJC_ARC = YES;
				CLANG_WARN_BOOL_CONVERSION = YES;
				CLANG_WARN_CONSTANT_CONVERSION = YES;
				CLANG_WARN_DIRECT_OBJC_ISA_USAGE = YES_ERROR;
				CLANG_WARN_EMPTY_BODY = YES;
				CLANG_WARN_ENUM_CONVERSION = YES;
				CLANG_WARN_INT_CONVERSION = YES;
				CLANG_WARN_OBJC_ROOT_CLASS = YES_ERROR;
				CLANG_WARN_UNREACHABLE_CODE = YES;
				CLANG_WARN__DUPLICATE_METHOD_MATCH = YES;
				"CODE_SIGN_IDENTITY[sdk=iphoneos*]" = "iPhone Developer";
				COPY_PHASE_STRIP = NO;
				DEBUG_INFORMATION_FORMAT = dwarf;
				ENABLE_STRICT_OBJC_MSGSEND = YES;
				ENABLE_TESTABILITY = YES;
				GCC_C_LANGUAGE_STANDARD = gnu99;
				GCC_DYNAMIC_NO_PIC = NO;
				GCC_NO_COMMON_BLOCKS = YES;
				GCC_OPTIMIZATION_LEVEL = 0;
				GCC_PREPROCESSOR_DEFINITIONS = (
					"DEBUG=1",
					"$(inherited)",
				);
				GCC_WARN_64_TO_32_BIT_CONVERSION = YES;
				GCC_WARN_ABOUT_RETURN_TYPE = YES_ERROR;
				GCC_WARN_UNDECLARED_SELECTOR = YES;
				GCC_WARN_UNINITIALIZED_AUTOS = YES_AGGRESSIVE;
				GCC_WARN_UNUSED_FUNCTION = YES;
				GCC_WARN_UNUSED_VARIABLE = YES;
				IPHONEOS_DEPLOYMENT_TARGET = 9.2;
				MTL_ENABLE_DEBUG_INFO = YES;
				ONLY_ACTIVE_ARCH = YES;
				SDKROOT = iphoneos;
				TARGETED_DEVICE_FAMILY = "1,2";
			};
			name = Debug;
		};
		AFD001231C8F4688002D6FA8 /* Release */ = {
			isa = XCBuildConfiguration;
			buildSettings = {
				ALWAYS_SEARCH_USER_PATHS = NO;
				CLANG_CXX_LANGUAGE_STANDARD = "gnu++0x";
				CLANG_CXX_LIBRARY = "libc++";
				CLANG_ENABLE_MODULES = YES;
				CLANG_ENABLE_OBJC_ARC = YES;
				CLANG_WARN_BOOL_CONVERSION = YES;
				CLANG_WARN_CONSTANT_CONVERSION = YES;
				CLANG_WARN_DIRECT_OBJC_ISA_USAGE = YES_ERROR;
				CLANG_WARN_EMPTY_BODY = YES;
				CLANG_WARN_ENUM_CONVERSION = YES;
				CLANG_WARN_INT_CONVERSION = YES;
				CLANG_WARN_OBJC_ROOT_CLASS = YES_ERROR;
				CLANG_WARN_UNREACHABLE_CODE = YES;
				CLANG_WARN__DUPLICATE_METHOD_MATCH = YES;
				"CODE_SIGN_IDENTITY[sdk=iphoneos*]" = "iPhone Developer";
				COPY_PHASE_STRIP = NO;
				DEBUG_INFORMATION_FORMAT = "dwarf-with-dsym";
				ENABLE_NS_ASSERTIONS = NO;
				ENABLE_STRICT_OBJC_MSGSEND = YES;
				GCC_C_LANGUAGE_STANDARD = gnu99;
				GCC_NO_COMMON_BLOCKS = YES;
				GCC_WARN_64_TO_32_BIT_CONVERSION = YES;
				GCC_WARN_ABOUT_RETURN_TYPE = YES_ERROR;
				GCC_WARN_UNDECLARED_SELECTOR = YES;
				GCC_WARN_UNINITIALIZED_AUTOS = YES_AGGRESSIVE;
				GCC_WARN_UNUSED_FUNCTION = YES;
				GCC_WARN_UNUSED_VARIABLE = YES;
				IPHONEOS_DEPLOYMENT_TARGET = 9.2;
				MTL_ENABLE_DEBUG_INFO = NO;
				SDKROOT = iphoneos;
				TARGETED_DEVICE_FAMILY = "1,2";
				VALIDATE_PRODUCT = YES;
			};
			name = Release;
		};
		AFD001251C8F4688002D6FA8 /* Debug */ = {
			isa = XCBuildConfiguration;
			buildSettings = {
				ASSETCATALOG_COMPILER_APPICON_NAME = AppIcon;
				INFOPLIST_FILE = Preferences/Info.plist;
				LD_RUNPATH_SEARCH_PATHS = "$(inherited) @executable_path/Frameworks";
				PRODUCT_BUNDLE_IDENTIFIER = com.laceyvu.Preferences;
				PRODUCT_NAME = "$(TARGET_NAME)";
			};
			name = Debug;
		};
		AFD001261C8F4688002D6FA8 /* Release */ = {
			isa = XCBuildConfiguration;
			buildSettings = {
				ASSETCATALOG_COMPILER_APPICON_NAME = AppIcon;
				INFOPLIST_FILE = Preferences/Info.plist;
				LD_RUNPATH_SEARCH_PATHS = "$(inherited) @executable_path/Frameworks";
				PRODUCT_BUNDLE_IDENTIFIER = com.laceyvu.Preferences;
				PRODUCT_NAME = "$(TARGET_NAME)";
			};
			name = Release;
		};
/* End XCBuildConfiguration section */

/* Begin XCConfigurationList section */
		AFD001081C8F4688002D6FA8 /* Build configuration list for PBXProject "Preferences" */ = {
			isa = XCConfigurationList;
			buildConfigurations = (
				AFD001221C8F4688002D6FA8 /* Debug */,
				AFD001231C8F4688002D6FA8 /* Release */,
			);
			defaultConfigurationIsVisible = 0;
			defaultConfigurationName = Release;
		};
		AFD001241C8F4688002D6FA8 /* Build configuration list for PBXNativeTarget "Preferences" */ = {
			isa = XCConfigurationList;
			buildConfigurations = (
				AFD001251C8F4688002D6FA8 /* Debug */,
				AFD001261C8F4688002D6FA8 /* Release */,
			);
			defaultConfigurationIsVisible = 0;
		};
/* End XCConfigurationList section */
	};
	rootObject = AFD001051C8F4688002D6FA8 /* Project object */;
}
